// !$*UTF8*$!
{
	archiveVersion = 1;
	classes = {
	};
	objectVersion = 50;
	objects = {

/* Begin PBXBuildFile section */
		442DF9BC2439CC9B001ECD3E /* AppDelegate.swift in Sources */ = {isa = PBXBuildFile; fileRef = 442DF9BB2439CC9B001ECD3E /* AppDelegate.swift */; };
		442DF9BE2439CC9B001ECD3E /* SceneDelegate.swift in Sources */ = {isa = PBXBuildFile; fileRef = 442DF9BD2439CC9B001ECD3E /* SceneDelegate.swift */; };
		442DF9C32439CC9B001ECD3E /* Main.storyboard in Resources */ = {isa = PBXBuildFile; fileRef = 442DF9C12439CC9B001ECD3E /* Main.storyboard */; };
		442DF9C52439CC9E001ECD3E /* Assets.xcassets in Resources */ = {isa = PBXBuildFile; fileRef = 442DF9C42439CC9E001ECD3E /* Assets.xcassets */; };
		442DF9C82439CC9E001ECD3E /* LaunchScreen.storyboard in Resources */ = {isa = PBXBuildFile; fileRef = 442DF9C62439CC9E001ECD3E /* LaunchScreen.storyboard */; };
		442DF9D32439CC9E001ECD3E /* OrbisAssignmentTests.swift in Sources */ = {isa = PBXBuildFile; fileRef = 442DF9D22439CC9E001ECD3E /* OrbisAssignmentTests.swift */; };
		442DF9DE2439CC9E001ECD3E /* OrbisAssignmentUITests.swift in Sources */ = {isa = PBXBuildFile; fileRef = 442DF9DD2439CC9E001ECD3E /* OrbisAssignmentUITests.swift */; };
		442DF9EC2439CCC0001ECD3E /* TimerViewController.swift in Sources */ = {isa = PBXBuildFile; fileRef = 442DF9EB2439CCC0001ECD3E /* TimerViewController.swift */; };
		442DF9EE2439D113001ECD3E /* Extension.swift in Sources */ = {isa = PBXBuildFile; fileRef = 442DF9ED2439D113001ECD3E /* Extension.swift */; };
		444277C0243A0F1300B488C1 /* CustomAlertViewController.swift in Sources */ = {isa = PBXBuildFile; fileRef = 444277BF243A0F1300B488C1 /* CustomAlertViewController.swift */; };
		444277C4243A0FFA00B488C1 /* CustomAlertViewController.xib in Resources */ = {isa = PBXBuildFile; fileRef = 444277C3243A0FFA00B488C1 /* CustomAlertViewController.xib */; };
		444277C6243A28F700B488C1 /* StringConstants.swift in Sources */ = {isa = PBXBuildFile; fileRef = 444277C5243A28F700B488C1 /* StringConstants.swift */; };
		444277C8243A2B4A00B488C1 /* DataModel.swift in Sources */ = {isa = PBXBuildFile; fileRef = 444277C7243A2B4A00B488C1 /* DataModel.swift */; };
/* End PBXBuildFile section */

/* Begin PBXContainerItemProxy section */
		442DF9CF2439CC9E001ECD3E /* PBXContainerItemProxy */ = {
			isa = PBXContainerItemProxy;
			containerPortal = 442DF9B02439CC9B001ECD3E /* Project object */;
			proxyType = 1;
			remoteGlobalIDString = 442DF9B72439CC9B001ECD3E;
			remoteInfo = OrbisAssignment;
		};
		442DF9DA2439CC9E001ECD3E /* PBXContainerItemProxy */ = {
			isa = PBXContainerItemProxy;
			containerPortal = 442DF9B02439CC9B001ECD3E /* Project object */;
			proxyType = 1;
			remoteGlobalIDString = 442DF9B72439CC9B001ECD3E;
			remoteInfo = OrbisAssignment;
		};
/* End PBXContainerItemProxy section */

/* Begin PBXFileReference section */
		442DF9B82439CC9B001ECD3E /* OrbisAssignment.app */ = {isa = PBXFileReference; explicitFileType = wrapper.application; includeInIndex = 0; path = OrbisAssignment.app; sourceTree = BUILT_PRODUCTS_DIR; };
		442DF9BB2439CC9B001ECD3E /* AppDelegate.swift */ = {isa = PBXFileReference; lastKnownFileType = sourcecode.swift; path = AppDelegate.swift; sourceTree = "<group>"; };
		442DF9BD2439CC9B001ECD3E /* SceneDelegate.swift */ = {isa = PBXFileReference; lastKnownFileType = sourcecode.swift; path = SceneDelegate.swift; sourceTree = "<group>"; };
		442DF9C22439CC9B001ECD3E /* Base */ = {isa = PBXFileReference; lastKnownFileType = file.storyboard; name = Base; path = Base.lproj/Main.storyboard; sourceTree = "<group>"; };
		442DF9C42439CC9E001ECD3E /* Assets.xcassets */ = {isa = PBXFileReference; lastKnownFileType = folder.assetcatalog; path = Assets.xcassets; sourceTree = "<group>"; };
		442DF9C72439CC9E001ECD3E /* Base */ = {isa = PBXFileReference; lastKnownFileType = file.storyboard; name = Base; path = Base.lproj/LaunchScreen.storyboard; sourceTree = "<group>"; };
		442DF9C92439CC9E001ECD3E /* Info.plist */ = {isa = PBXFileReference; lastKnownFileType = text.plist.xml; path = Info.plist; sourceTree = "<group>"; };
		442DF9CE2439CC9E001ECD3E /* OrbisAssignmentTests.xctest */ = {isa = PBXFileReference; explicitFileType = wrapper.cfbundle; includeInIndex = 0; path = OrbisAssignmentTests.xctest; sourceTree = BUILT_PRODUCTS_DIR; };
		442DF9D22439CC9E001ECD3E /* OrbisAssignmentTests.swift */ = {isa = PBXFileReference; lastKnownFileType = sourcecode.swift; path = OrbisAssignmentTests.swift; sourceTree = "<group>"; };
		442DF9D42439CC9E001ECD3E /* Info.plist */ = {isa = PBXFileReference; lastKnownFileType = text.plist.xml; path = Info.plist; sourceTree = "<group>"; };
		442DF9D92439CC9E001ECD3E /* OrbisAssignmentUITests.xctest */ = {isa = PBXFileReference; explicitFileType = wrapper.cfbundle; includeInIndex = 0; path = OrbisAssignmentUITests.xctest; sourceTree = BUILT_PRODUCTS_DIR; };
		442DF9DD2439CC9E001ECD3E /* OrbisAssignmentUITests.swift */ = {isa = PBXFileReference; lastKnownFileType = sourcecode.swift; path = OrbisAssignmentUITests.swift; sourceTree = "<group>"; };
		442DF9DF2439CC9E001ECD3E /* Info.plist */ = {isa = PBXFileReference; lastKnownFileType = text.plist.xml; path = Info.plist; sourceTree = "<group>"; };
		442DF9EB2439CCC0001ECD3E /* TimerViewController.swift */ = {isa = PBXFileReference; lastKnownFileType = sourcecode.swift; path = TimerViewController.swift; sourceTree = "<group>"; };
		442DF9ED2439D113001ECD3E /* Extension.swift */ = {isa = PBXFileReference; lastKnownFileType = sourcecode.swift; path = Extension.swift; sourceTree = "<group>"; };
		444277BF243A0F1300B488C1 /* CustomAlertViewController.swift */ = {isa = PBXFileReference; fileEncoding = 4; lastKnownFileType = sourcecode.swift; path = CustomAlertViewController.swift; sourceTree = "<group>"; };
		444277C3243A0FFA00B488C1 /* CustomAlertViewController.xib */ = {isa = PBXFileReference; fileEncoding = 4; lastKnownFileType = file.xib; path = CustomAlertViewController.xib; sourceTree = "<group>"; };
		444277C5243A28F700B488C1 /* StringConstants.swift */ = {isa = PBXFileReference; lastKnownFileType = sourcecode.swift; path = StringConstants.swift; sourceTree = "<group>"; };
		444277C7243A2B4A00B488C1 /* DataModel.swift */ = {isa = PBXFileReference; lastKnownFileType = sourcecode.swift; path = DataModel.swift; sourceTree = "<group>"; };
/* End PBXFileReference section */

/* Begin PBXFrameworksBuildPhase section */
		442DF9B52439CC9B001ECD3E /* Frameworks */ = {
			isa = PBXFrameworksBuildPhase;
			buildActionMask = 2147483647;
			files = (
			);
			runOnlyForDeploymentPostprocessing = 0;
		};
		442DF9CB2439CC9E001ECD3E /* Frameworks */ = {
			isa = PBXFrameworksBuildPhase;
			buildActionMask = 2147483647;
			files = (
			);
			runOnlyForDeploymentPostprocessing = 0;
		};
		442DF9D62439CC9E001ECD3E /* Frameworks */ = {
			isa = PBXFrameworksBuildPhase;
			buildActionMask = 2147483647;
			files = (
			);
			runOnlyForDeploymentPostprocessing = 0;
		};
/* End PBXFrameworksBuildPhase section */

/* Begin PBXGroup section */
		442DF9AF2439CC9B001ECD3E = {
			isa = PBXGroup;
			children = (
				442DF9BA2439CC9B001ECD3E /* OrbisAssignment */,
				442DF9D12439CC9E001ECD3E /* OrbisAssignmentTests */,
				442DF9DC2439CC9E001ECD3E /* OrbisAssignmentUITests */,
				442DF9B92439CC9B001ECD3E /* Products */,
			);
			sourceTree = "<group>";
		};
		442DF9B92439CC9B001ECD3E /* Products */ = {
			isa = PBXGroup;
			children = (
				442DF9B82439CC9B001ECD3E /* OrbisAssignment.app */,
				442DF9CE2439CC9E001ECD3E /* OrbisAssignmentTests.xctest */,
				442DF9D92439CC9E001ECD3E /* OrbisAssignmentUITests.xctest */,
			);
			name = Products;
			sourceTree = "<group>";
		};
		442DF9BA2439CC9B001ECD3E /* OrbisAssignment */ = {
			isa = PBXGroup;
			children = (
				444277CE243A380500B488C1 /* Helpers */,
				444277CB243A37A700B488C1 /* Controller */,
				444277CA243A379F00B488C1 /* Models */,
				444277C9243A379B00B488C1 /* VIew */,
				442DF9C42439CC9E001ECD3E /* Assets.xcassets */,
				442DF9C92439CC9E001ECD3E /* Info.plist */,
			);
			path = OrbisAssignment;
			sourceTree = "<group>";
		};
		442DF9D12439CC9E001ECD3E /* OrbisAssignmentTests */ = {
			isa = PBXGroup;
			children = (
				442DF9D22439CC9E001ECD3E /* OrbisAssignmentTests.swift */,
				442DF9D42439CC9E001ECD3E /* Info.plist */,
			);
			path = OrbisAssignmentTests;
			sourceTree = "<group>";
		};
		442DF9DC2439CC9E001ECD3E /* OrbisAssignmentUITests */ = {
			isa = PBXGroup;
			children = (
				442DF9DD2439CC9E001ECD3E /* OrbisAssignmentUITests.swift */,
				442DF9DF2439CC9E001ECD3E /* Info.plist */,
			);
			path = OrbisAssignmentUITests;
			sourceTree = "<group>";
		};
		444277C9243A379B00B488C1 /* VIew */ = {
			isa = PBXGroup;
			children = (
				444277CD243A37D300B488C1 /* Storyboard */,
				444277CC243A37CD00B488C1 /* Xib */,
			);
			path = VIew;
			sourceTree = "<group>";
		};
		444277CA243A379F00B488C1 /* Models */ = {
			isa = PBXGroup;
			children = (
				444277C7243A2B4A00B488C1 /* DataModel.swift */,
			);
			path = Models;
			sourceTree = "<group>";
		};
		444277CB243A37A700B488C1 /* Controller */ = {
			isa = PBXGroup;
			children = (
				442DF9EB2439CCC0001ECD3E /* TimerViewController.swift */,
			);
			path = Controller;
			sourceTree = "<group>";
		};
		444277CC243A37CD00B488C1 /* Xib */ = {
			isa = PBXGroup;
			children = (
				444277C3243A0FFA00B488C1 /* CustomAlertViewController.xib */,
				444277BF243A0F1300B488C1 /* CustomAlertViewController.swift */,
			);
			path = Xib;
			sourceTree = "<group>";
		};
		444277CD243A37D300B488C1 /* Storyboard */ = {
			isa = PBXGroup;
			children = (
				442DF9C12439CC9B001ECD3E /* Main.storyboard */,
				442DF9C62439CC9E001ECD3E /* LaunchScreen.storyboard */,
			);
			path = Storyboard;
			sourceTree = "<group>";
		};
		444277CE243A380500B488C1 /* Helpers */ = {
			isa = PBXGroup;
			children = (
				442DF9BB2439CC9B001ECD3E /* AppDelegate.swift */,
				442DF9BD2439CC9B001ECD3E /* SceneDelegate.swift */,
				442DF9ED2439D113001ECD3E /* Extension.swift */,
				444277C5243A28F700B488C1 /* StringConstants.swift */,
			);
			path = Helpers;
			sourceTree = "<group>";
		};
/* End PBXGroup section */

/* Begin PBXNativeTarget section */
		442DF9B72439CC9B001ECD3E /* OrbisAssignment */ = {
			isa = PBXNativeTarget;
			buildConfigurationList = 442DF9E22439CC9E001ECD3E /* Build configuration list for PBXNativeTarget "OrbisAssignment" */;
			buildPhases = (
				442DF9B42439CC9B001ECD3E /* Sources */,
				442DF9B52439CC9B001ECD3E /* Frameworks */,
				442DF9B62439CC9B001ECD3E /* Resources */,
			);
			buildRules = (
			);
			dependencies = (
			);
			name = OrbisAssignment;
			productName = OrbisAssignment;
			productReference = 442DF9B82439CC9B001ECD3E /* OrbisAssignment.app */;
			productType = "com.apple.product-type.application";
		};
		442DF9CD2439CC9E001ECD3E /* OrbisAssignmentTests */ = {
			isa = PBXNativeTarget;
			buildConfigurationList = 442DF9E52439CC9E001ECD3E /* Build configuration list for PBXNativeTarget "OrbisAssignmentTests" */;
			buildPhases = (
				442DF9CA2439CC9E001ECD3E /* Sources */,
				442DF9CB2439CC9E001ECD3E /* Frameworks */,
				442DF9CC2439CC9E001ECD3E /* Resources */,
			);
			buildRules = (
			);
			dependencies = (
				442DF9D02439CC9E001ECD3E /* PBXTargetDependency */,
			);
			name = OrbisAssignmentTests;
			productName = OrbisAssignmentTests;
			productReference = 442DF9CE2439CC9E001ECD3E /* OrbisAssignmentTests.xctest */;
			productType = "com.apple.product-type.bundle.unit-test";
		};
		442DF9D82439CC9E001ECD3E /* OrbisAssignmentUITests */ = {
			isa = PBXNativeTarget;
			buildConfigurationList = 442DF9E82439CC9E001ECD3E /* Build configuration list for PBXNativeTarget "OrbisAssignmentUITests" */;
			buildPhases = (
				442DF9D52439CC9E001ECD3E /* Sources */,
				442DF9D62439CC9E001ECD3E /* Frameworks */,
				442DF9D72439CC9E001ECD3E /* Resources */,
			);
			buildRules = (
			);
			dependencies = (
				442DF9DB2439CC9E001ECD3E /* PBXTargetDependency */,
			);
			name = OrbisAssignmentUITests;
			productName = OrbisAssignmentUITests;
			productReference = 442DF9D92439CC9E001ECD3E /* OrbisAssignmentUITests.xctest */;
			productType = "com.apple.product-type.bundle.ui-testing";
		};
/* End PBXNativeTarget section */

/* Begin PBXProject section */
		442DF9B02439CC9B001ECD3E /* Project object */ = {
			isa = PBXProject;
			attributes = {
				LastSwiftUpdateCheck = 1130;
				LastUpgradeCheck = 1130;
				ORGANIZATIONNAME = Mobikasa;
				TargetAttributes = {
					442DF9B72439CC9B001ECD3E = {
						CreatedOnToolsVersion = 11.3.1;
					};
					442DF9CD2439CC9E001ECD3E = {
						CreatedOnToolsVersion = 11.3.1;
						TestTargetID = 442DF9B72439CC9B001ECD3E;
					};
					442DF9D82439CC9E001ECD3E = {
						CreatedOnToolsVersion = 11.3.1;
						TestTargetID = 442DF9B72439CC9B001ECD3E;
					};
				};
			};
			buildConfigurationList = 442DF9B32439CC9B001ECD3E /* Build configuration list for PBXProject "OrbisAssignment" */;
			compatibilityVersion = "Xcode 9.3";
			developmentRegion = en;
			hasScannedForEncodings = 0;
			knownRegions = (
				en,
				Base,
			);
			mainGroup = 442DF9AF2439CC9B001ECD3E;
			productRefGroup = 442DF9B92439CC9B001ECD3E /* Products */;
			projectDirPath = "";
			projectRoot = "";
			targets = (
				442DF9B72439CC9B001ECD3E /* OrbisAssignment */,
				442DF9CD2439CC9E001ECD3E /* OrbisAssignmentTests */,
				442DF9D82439CC9E001ECD3E /* OrbisAssignmentUITests */,
			);
		};
/* End PBXProject section */

/* Begin PBXResourcesBuildPhase section */
		442DF9B62439CC9B001ECD3E /* Resources */ = {
			isa = PBXResourcesBuildPhase;
			buildActionMask = 2147483647;
			files = (
				442DF9C82439CC9E001ECD3E /* LaunchScreen.storyboard in Resources */,
				442DF9C52439CC9E001ECD3E /* Assets.xcassets in Resources */,
				444277C4243A0FFA00B488C1 /* CustomAlertViewController.xib in Resources */,
				442DF9C32439CC9B001ECD3E /* Main.storyboard in Resources */,
			);
			runOnlyForDeploymentPostprocessing = 0;
		};
		442DF9CC2439CC9E001ECD3E /* Resources */ = {
			isa = PBXResourcesBuildPhase;
			buildActionMask = 2147483647;
			files = (
			);
			runOnlyForDeploymentPostprocessing = 0;
		};
		442DF9D72439CC9E001ECD3E /* Resources */ = {
			isa = PBXResourcesBuildPhase;
			buildActionMask = 2147483647;
			files = (
			);
			runOnlyForDeploymentPostprocessing = 0;
		};
/* End PBXResourcesBuildPhase section */

/* Begin PBXSourcesBuildPhase section */
		442DF9B42439CC9B001ECD3E /* Sources */ = {
			isa = PBXSourcesBuildPhase;
			buildActionMask = 2147483647;
			files = (
				442DF9EE2439D113001ECD3E /* Extension.swift in Sources */,
				444277C6243A28F700B488C1 /* StringConstants.swift in Sources */,
				442DF9EC2439CCC0001ECD3E /* TimerViewController.swift in Sources */,
				444277C8243A2B4A00B488C1 /* DataModel.swift in Sources */,
				442DF9BC2439CC9B001ECD3E /* AppDelegate.swift in Sources */,
				444277C0243A0F1300B488C1 /* CustomAlertViewController.swift in Sources */,
				442DF9BE2439CC9B001ECD3E /* SceneDelegate.swift in Sources */,
			);
			runOnlyForDeploymentPostprocessing = 0;
		};
		442DF9CA2439CC9E001ECD3E /* Sources */ = {
			isa = PBXSourcesBuildPhase;
			buildActionMask = 2147483647;
			files = (
				442DF9D32439CC9E001ECD3E /* OrbisAssignmentTests.swift in Sources */,
			);
			runOnlyForDeploymentPostprocessing = 0;
		};
		442DF9D52439CC9E001ECD3E /* Sources */ = {
			isa = PBXSourcesBuildPhase;
			buildActionMask = 2147483647;
			files = (
				442DF9DE2439CC9E001ECD3E /* OrbisAssignmentUITests.swift in Sources */,
			);
			runOnlyForDeploymentPostprocessing = 0;
		};
/* End PBXSourcesBuildPhase section */

/* Begin PBXTargetDependency section */
		442DF9D02439CC9E001ECD3E /* PBXTargetDependency */ = {
			isa = PBXTargetDependency;
			target = 442DF9B72439CC9B001ECD3E /* OrbisAssignment */;
			targetProxy = 442DF9CF2439CC9E001ECD3E /* PBXContainerItemProxy */;
		};
		442DF9DB2439CC9E001ECD3E /* PBXTargetDependency */ = {
			isa = PBXTargetDependency;
			target = 442DF9B72439CC9B001ECD3E /* OrbisAssignment */;
			targetProxy = 442DF9DA2439CC9E001ECD3E /* PBXContainerItemProxy */;
		};
/* End PBXTargetDependency section */

/* Begin PBXVariantGroup section */
		442DF9C12439CC9B001ECD3E /* Main.storyboard */ = {
			isa = PBXVariantGroup;
			children = (
				442DF9C22439CC9B001ECD3E /* Base */,
			);
			name = Main.storyboard;
			sourceTree = "<group>";
		};
		442DF9C62439CC9E001ECD3E /* LaunchScreen.storyboard */ = {
			isa = PBXVariantGroup;
			children = (
				442DF9C72439CC9E001ECD3E /* Base */,
			);
			name = LaunchScreen.storyboard;
			sourceTree = "<group>";
		};
/* End PBXVariantGroup section */

/* Begin XCBuildConfiguration section */
		442DF9E02439CC9E001ECD3E /* Debug */ = {
			isa = XCBuildConfiguration;
			buildSettings = {
				ALWAYS_SEARCH_USER_PATHS = NO;
				CLANG_ANALYZER_NONNULL = YES;
				CLANG_ANALYZER_NUMBER_OBJECT_CONVERSION = YES_AGGRESSIVE;
				CLANG_CXX_LANGUAGE_STANDARD = "gnu++14";
				CLANG_CXX_LIBRARY = "libc++";
				CLANG_ENABLE_MODULES = YES;
				CLANG_ENABLE_OBJC_ARC = YES;
				CLANG_ENABLE_OBJC_WEAK = YES;
				CLANG_WARN_BLOCK_CAPTURE_AUTORELEASING = YES;
				CLANG_WARN_BOOL_CONVERSION = YES;
				CLANG_WARN_COMMA = YES;
				CLANG_WARN_CONSTANT_CONVERSION = YES;
				CLANG_WARN_DEPRECATED_OBJC_IMPLEMENTATIONS = YES;
				CLANG_WARN_DIRECT_OBJC_ISA_USAGE = YES_ERROR;
				CLANG_WARN_DOCUMENTATION_COMMENTS = YES;
				CLANG_WARN_EMPTY_BODY = YES;
				CLANG_WARN_ENUM_CONVERSION = YES;
				CLANG_WARN_INFINITE_RECURSION = YES;
				CLANG_WARN_INT_CONVERSION = YES;
				CLANG_WARN_NON_LITERAL_NULL_CONVERSION = YES;
				CLANG_WARN_OBJC_IMPLICIT_RETAIN_SELF = YES;
				CLANG_WARN_OBJC_LITERAL_CONVERSION = YES;
				CLANG_WARN_OBJC_ROOT_CLASS = YES_ERROR;
				CLANG_WARN_RANGE_LOOP_ANALYSIS = YES;
				CLANG_WARN_STRICT_PROTOTYPES = YES;
				CLANG_WARN_SUSPICIOUS_MOVE = YES;
				CLANG_WARN_UNGUARDED_AVAILABILITY = YES_AGGRESSIVE;
				CLANG_WARN_UNREACHABLE_CODE = YES;
				CLANG_WARN__DUPLICATE_METHOD_MATCH = YES;
				COPY_PHASE_STRIP = NO;
				DEBUG_INFORMATION_FORMAT = dwarf;
				ENABLE_STRICT_OBJC_MSGSEND = YES;
				ENABLE_TESTABILITY = YES;
				GCC_C_LANGUAGE_STANDARD = gnu11;
				GCC_DYNAMIC_NO_PIC = NO;
				GCC_NO_COMMON_BLOCKS = YES;
				GCC_OPTIMIZATION_LEVEL = 0;
				GCC_PREPROCESSOR_DEFINITIONS = (
					"DEBUG=1",
					"$(inherited)",
				);
				GCC_WARN_64_TO_32_BIT_CONVERSION = YES;
				GCC_WARN_ABOUT_RETURN_TYPE = YES_ERROR;
				GCC_WARN_UNDECLARED_SELECTOR = YES;
				GCC_WARN_UNINITIALIZED_AUTOS = YES_AGGRESSIVE;
				GCC_WARN_UNUSED_FUNCTION = YES;
				GCC_WARN_UNUSED_VARIABLE = YES;
				IPHONEOS_DEPLOYMENT_TARGET = 13.2;
				MTL_ENABLE_DEBUG_INFO = INCLUDE_SOURCE;
				MTL_FAST_MATH = YES;
				ONLY_ACTIVE_ARCH = YES;
				SDKROOT = iphoneos;
				SWIFT_ACTIVE_COMPILATION_CONDITIONS = DEBUG;
				SWIFT_OPTIMIZATION_LEVEL = "-Onone";
			};
			name = Debug;
		};
		442DF9E12439CC9E001ECD3E /* Release */ = {
			isa = XCBuildConfiguration;
			buildSettings = {
				ALWAYS_SEARCH_USER_PATHS = NO;
				CLANG_ANALYZER_NONNULL = YES;
				CLANG_ANALYZER_NUMBER_OBJECT_CONVERSION = YES_AGGRESSIVE;
				CLANG_CXX_LANGUAGE_STANDARD = "gnu++14";
				CLANG_CXX_LIBRARY = "libc++";
				CLANG_ENABLE_MODULES = YES;
				CLANG_ENABLE_OBJC_ARC = YES;
				CLANG_ENABLE_OBJC_WEAK = YES;
				CLANG_WARN_BLOCK_CAPTURE_AUTORELEASING = YES;
				CLANG_WARN_BOOL_CONVERSION = YES;
				CLANG_WARN_COMMA = YES;
				CLANG_WARN_CONSTANT_CONVERSION = YES;
				CLANG_WARN_DEPRECATED_OBJC_IMPLEMENTATIONS = YES;
				CLANG_WARN_DIRECT_OBJC_ISA_USAGE = YES_ERROR;
				CLANG_WARN_DOCUMENTATION_COMMENTS = YES;
				CLANG_WARN_EMPTY_BODY = YES;
				CLANG_WARN_ENUM_CONVERSION = YES;
				CLANG_WARN_INFINITE_RECURSION = YES;
				CLANG_WARN_INT_CONVERSION = YES;
				CLANG_WARN_NON_LITERAL_NULL_CONVERSION = YES;
				CLANG_WARN_OBJC_IMPLICIT_RETAIN_SELF = YES;
				CLANG_WARN_OBJC_LITERAL_CONVERSION = YES;
				CLANG_WARN_OBJC_ROOT_CLASS = YES_ERROR;
				CLANG_WARN_RANGE_LOOP_ANALYSIS = YES;
				CLANG_WARN_STRICT_PROTOTYPES = YES;
				CLANG_WARN_SUSPICIOUS_MOVE = YES;
				CLANG_WARN_UNGUARDED_AVAILABILITY = YES_AGGRESSIVE;
				CLANG_WARN_UNREACHABLE_CODE = YES;
				CLANG_WARN__DUPLICATE_METHOD_MATCH = YES;
				COPY_PHASE_STRIP = NO;
				DEBUG_INFORMATION_FORMAT = "dwarf-with-dsym";
				ENABLE_NS_ASSERTIONS = NO;
				ENABLE_STRICT_OBJC_MSGSEND = YES;
				GCC_C_LANGUAGE_STANDARD = gnu11;
				GCC_NO_COMMON_BLOCKS = YES;
				GCC_WARN_64_TO_32_BIT_CONVERSION = YES;
				GCC_WARN_ABOUT_RETURN_TYPE = YES_ERROR;
				GCC_WARN_UNDECLARED_SELECTOR = YES;
				GCC_WARN_UNINITIALIZED_AUTOS = YES_AGGRESSIVE;
				GCC_WARN_UNUSED_FUNCTION = YES;
				GCC_WARN_UNUSED_VARIABLE = YES;
				IPHONEOS_DEPLOYMENT_TARGET = 13.2;
				MTL_ENABLE_DEBUG_INFO = NO;
				MTL_FAST_MATH = YES;
				SDKROOT = iphoneos;
				SWIFT_COMPILATION_MODE = wholemodule;
				SWIFT_OPTIMIZATION_LEVEL = "-O";
				VALIDATE_PRODUCT = YES;
			};
			name = Release;
		};
		442DF9E32439CC9E001ECD3E /* Debug */ = {
			isa = XCBuildConfiguration;
			buildSettings = {
				ASSETCATALOG_COMPILER_APPICON_NAME = AppIcon;
				CODE_SIGN_STYLE = Automatic;
				DEVELOPMENT_TEAM = 53N7DEJV27;
				INFOPLIST_FILE = OrbisAssignment/Info.plist;
				LD_RUNPATH_SEARCH_PATHS = (
					"$(inherited)",
					"@executable_path/Frameworks",
				);
				PRODUCT_BUNDLE_IDENTIFIER = com.evisit.app.knownow;
				PRODUCT_NAME = "$(TARGET_NAME)";
				SWIFT_VERSION = 5.0;
				TARGETED_DEVICE_FAMILY = "1,2";
			};
			name = Debug;
		};
		442DF9E42439CC9E001ECD3E /* Release */ = {
			isa = XCBuildConfiguration;
			buildSettings = {
				ASSETCATALOG_COMPILER_APPICON_NAME = AppIcon;
				CODE_SIGN_STYLE = Automatic;
				DEVELOPMENT_TEAM = 53N7DEJV27;
				INFOPLIST_FILE = OrbisAssignment/Info.plist;
				LD_RUNPATH_SEARCH_PATHS = (
					"$(inherited)",
					"@executable_path/Frameworks",
				);
				PRODUCT_BUNDLE_IDENTIFIER = com.evisit.app.knownow;
				PRODUCT_NAME = "$(TARGET_NAME)";
				SWIFT_VERSION = 5.0;
				TARGETED_DEVICE_FAMILY = "1,2";
			};
			name = Release;
		};
		442DF9E62439CC9E001ECD3E /* Debug */ = {
			isa = XCBuildConfiguration;
			buildSettings = {
				ALWAYS_EMBED_SWIFT_STANDARD_LIBRARIES = YES;
				BUNDLE_LOADER = "$(TEST_HOST)";
				CODE_SIGN_STYLE = Automatic;
				INFOPLIST_FILE = OrbisAssignmentTests/Info.plist;
				IPHONEOS_DEPLOYMENT_TARGET = 13.2;
				LD_RUNPATH_SEARCH_PATHS = (
					"$(inherited)",
					"@executable_path/Frameworks",
					"@loader_path/Frameworks",
				);
				PRODUCT_BUNDLE_IDENTIFIER = com.mobikasa.OrbisAssingment.OrbisAssignmentTests;
				PRODUCT_NAME = "$(TARGET_NAME)";
				SWIFT_VERSION = 5.0;
				TARGETED_DEVICE_FAMILY = "1,2";
				TEST_HOST = "$(BUILT_PRODUCTS_DIR)/OrbisAssignment.app/OrbisAssignment";
			};
			name = Debug;
		};
		442DF9E72439CC9E001ECD3E /* Release */ = {
			isa = XCBuildConfiguration;
			buildSettings = {
				ALWAYS_EMBED_SWIFT_STANDARD_LIBRARIES = YES;
				BUNDLE_LOADER = "$(TEST_HOST)";
				CODE_SIGN_STYLE = Automatic;
				INFOPLIST_FILE = OrbisAssignmentTests/Info.plist;
				IPHONEOS_DEPLOYMENT_TARGET = 13.2;
				LD_RUNPATH_SEARCH_PATHS = (
					"$(inherited)",
					"@executable_path/Frameworks",
					"@loader_path/Frameworks",
				);
				PRODUCT_BUNDLE_IDENTIFIER = com.mobikasa.OrbisAssingment.OrbisAssignmentTests;
				PRODUCT_NAME = "$(TARGET_NAME)";
				SWIFT_VERSION = 5.0;
				TARGETED_DEVICE_FAMILY = "1,2";
				TEST_HOST = "$(BUILT_PRODUCTS_DIR)/OrbisAssignment.app/OrbisAssignment";
			};
			name = Release;
		};
		442DF9E92439CC9E001ECD3E /* Debug */ = {
			isa = XCBuildConfiguration;
			buildSettings = {
				ALWAYS_EMBED_SWIFT_STANDARD_LIBRARIES = YES;
				CODE_SIGN_STYLE = Automatic;
				INFOPLIST_FILE = OrbisAssignmentUITests/Info.plist;
				LD_RUNPATH_SEARCH_PATHS = (
					"$(inherited)",
					"@executable_path/Frameworks",
					"@loader_path/Frameworks",
				);
				PRODUCT_BUNDLE_IDENTIFIER = com.mobikasa.OrbisAssingment.OrbisAssignmentUITests;
				PRODUCT_NAME = "$(TARGET_NAME)";
				SWIFT_VERSION = 5.0;
				TARGETED_DEVICE_FAMILY = "1,2";
				TEST_TARGET_NAME = OrbisAssignment;
			};
			name = Debug;
		};
		442DF9EA2439CC9E001ECD3E /* Release */ = {
			isa = XCBuildConfiguration;
			buildSettings = {
				ALWAYS_EMBED_SWIFT_STANDARD_LIBRARIES = YES;
				CODE_SIGN_STYLE = Automatic;
				INFOPLIST_FILE = OrbisAssignmentUITests/Info.plist;
				LD_RUNPATH_SEARCH_PATHS = (
					"$(inherited)",
					"@executable_path/Frameworks",
					"@loader_path/Frameworks",
				);
				PRODUCT_BUNDLE_IDENTIFIER = com.mobikasa.OrbisAssingment.OrbisAssignmentUITests;
				PRODUCT_NAME = "$(TARGET_NAME)";
				SWIFT_VERSION = 5.0;
				TARGETED_DEVICE_FAMILY = "1,2";
				TEST_TARGET_NAME = OrbisAssignment;
			};
			name = Release;
		};
/* End XCBuildConfiguration section */

/* Begin XCConfigurationList section */
		442DF9B32439CC9B001ECD3E /* Build configuration list for PBXProject "OrbisAssignment" */ = {
			isa = XCConfigurationList;
			buildConfigurations = (
				442DF9E02439CC9E001ECD3E /* Debug */,
				442DF9E12439CC9E001ECD3E /* Release */,
			);
			defaultConfigurationIsVisible = 0;
			defaultConfigurationName = Release;
		};
		442DF9E22439CC9E001ECD3E /* Build configuration list for PBXNativeTarget "OrbisAssignment" */ = {
			isa = XCConfigurationList;
			buildConfigurations = (
				442DF9E32439CC9E001ECD3E /* Debug */,
				442DF9E42439CC9E001ECD3E /* Release */,
			);
			defaultConfigurationIsVisible = 0;
			defaultConfigurationName = Release;
		};
		442DF9E52439CC9E001ECD3E /* Build configuration list for PBXNativeTarget "OrbisAssignmentTests" */ = {
			isa = XCConfigurationList;
			buildConfigurations = (
				442DF9E62439CC9E001ECD3E /* Debug */,
				442DF9E72439CC9E001ECD3E /* Release */,
			);
			defaultConfigurationIsVisible = 0;
			defaultConfigurationName = Release;
		};
		442DF9E82439CC9E001ECD3E /* Build configuration list for PBXNativeTarget "OrbisAssignmentUITests" */ = {
			isa = XCConfigurationList;
			buildConfigurations = (
				442DF9E92439CC9E001ECD3E /* Debug */,
				442DF9EA2439CC9E001ECD3E /* Release */,
			);
			defaultConfigurationIsVisible = 0;
			defaultConfigurationName = Release;
		};
/* End XCConfigurationList section */
	};
	rootObject = 442DF9B02439CC9B001ECD3E /* Project object */;
}
